<?xml version="1.0" encoding="utf-8"?>
<Project ToolsVersion="4.0" xmlns="http://schemas.microsoft.com/developer/msbuild/2003">
  <ItemGroup>
    <Filter Include="Source Files">
      <UniqueIdentifier>{4FC737F1-C7A5-4376-A066-2A32D752A2FF}</UniqueIdentifier>
      <Extensions>cpp;c;cc;cxx;def;odl;idl;hpj;bat;asm;asmx</Extensions>
    </Filter>
    <Filter Include="Header Files">
      <UniqueIdentifier>{93995380-89BD-4b04-88EB-625FBE52EBFB}</UniqueIdentifier>
      <Extensions>h;hh;hpp;hxx;hm;inl;inc;xsd</Extensions>
    </Filter>
  </ItemGroup>
  <ItemGroup>
    <ClCompile Include="..\source\cpu.c">
      <Filter>Source Files</Filter>
    </ClCompile>
    <ClCompile Include="..\source\dispatch_tables.c">
      <Filter>Source Files</Filter>
    </ClCompile>
    <ClCompile Include="..\source\gamebore.c">
      <Filter>Source Files</Filter>
    </ClCompile>
    <ClCompile Include="..\source\gbdebug.c">
      <Filter>Source Files</Filter>
    </ClCompile>
    <ClCompile Include="..\source\helpers.c">
      <Filter>Source Files</Filter>
    </ClCompile>
    <ClCompile Include="..\source\interrupts.c">
      <Filter>Source Files</Filter>
    </ClCompile>
    <ClCompile Include="..\source\memory.c">
      <Filter>Source Files</Filter>
    </ClCompile>
    <ClCompile Include="..\source\display.c">
      <Filter>Source Files</Filter>
    </ClCompile>
    <ClCompile Include="..\source\input.c">
      <Filter>Source Files</Filter>
    </ClCompile>
  </ItemGroup>
  <ItemGroup>
    <ClInclude Include="..\source\cart.h">
      <Filter>Header Files</Filter>
    </ClInclude>
    <ClInclude Include="..\source\cpu.h">
      <Filter>Header Files</Filter>
    </ClInclude>
    <ClInclude Include="..\source\dispatch_tables.h">
      <Filter>Header Files</Filter>
    </ClInclude>
    <ClInclude Include="..\source\display.h">
      <Filter>Header Files</Filter>
    </ClInclude>
    <ClInclude Include="..\source\gamebore.h">
      <Filter>Header Files</Filter>
    </ClInclude>
    <ClInclude Include="..\source\gbdebug.h">
      <Filter>Header Files</Filter>
    </ClInclude>
    <ClInclude Include="..\source\helpers.h">
      <Filter>Header Files</Filter>
    </ClInclude>
    <ClInclude Include="..\source\interrupts.h">
      <Filter>Header Files</Filter>
    </ClInclude>
    <ClInclude Include="..\source\memory.h">
      <Filter>Header Files</Filter>
    </ClInclude>
    <ClInclude Include="..\source\stdafx.h">
      <Filter>Header Files</Filter>
    </ClInclude>
    <ClInclude Include="..\source\targetver.h">
      <Filter>Header Files</Filter>
    </ClInclude>
    <ClInclude Include="..\source\types.h">
      <Filter>Header Files</Filter>
    </ClInclude>
    <ClInclude Include="..\source\input.h">
      <Filter>Header Files</Filter>
    </ClInclude>
  </ItemGroup>
  <ItemGroup>
    <None Include="..\source\opcodes.inc">
      <Filter>Header Files</Filter>
    </None>
  </ItemGroup>
</Project>